
Microsoft Visual Studio Solution File, Format Version 12.00
# Visual Studio Version 17
VisualStudioVersion = 17.7.34024.191
MinimumVisualStudioVersion = 10.0.40219.1
Project("{FAE04EC0-301F-11D3-BF4B-00C04F79EFBC}") = "RevisaoDictionary", "RevisaoDictionary\RevisaoDictionary.csproj", "{668B402E-3627-485B-8BDE-324D0DD7FFC5}"
EndProject
Global
	GlobalSection(SolutionConfigurationPlatforms) = preSolution
		Debug|Any CPU = Debug|Any CPU
		Release|Any CPU = Release|Any CPU
	EndGlobalSection
	GlobalSection(ProjectConfigurationPlatforms) = postSolution
		{668B402E-3627-485B-8BDE-324D0DD7FFC5}.Debug|Any CPU.ActiveCfg = Debug|Any CPU
		{668B402E-3627-485B-8BDE-324D0DD7FFC5}.Debug|Any CPU.Build.0 = Debug|Any CPU
		{668B402E-3627-485B-8BDE-324D0DD7FFC5}.Release|Any CPU.ActiveCfg = Release|Any CPU
		{668B402E-3627-485B-8BDE-324D0DD7FFC5}.Release|Any CPU.Build.0 = Release|Any CPU
	EndGlobalSection
	GlobalSection(SolutionProperties) = preSolution
		HideSolutionNode = FALSE
	EndGlobalSection
	GlobalSection(ExtensibilityGlobals) = postSolution
		SolutionGuid = {2861D9A5-7CE7-41B9-9DC1-610690AF088F}
	EndGlobalSection
EndGlobal
